// !$*UTF8*$!
{
	archiveVersion = 1;
	classes = {
	};
	objectVersion = 48;
	objects = {

/* Begin PBXBuildFile section */
		EDFB7D6E214DBC5A00E18056 /* AppDelegate.swift in Sources */ = {isa = PBXBuildFile; fileRef = EDFB7D6D214DBC5A00E18056 /* AppDelegate.swift */; };
		EDFB7D70214DBC5A00E18056 /* ViewController.swift in Sources */ = {isa = PBXBuildFile; fileRef = EDFB7D6F214DBC5A00E18056 /* ViewController.swift */; };
		EDFB7D73214DBC5A00E18056 /* Main.storyboard in Resources */ = {isa = PBXBuildFile; fileRef = EDFB7D71214DBC5A00E18056 /* Main.storyboard */; };
		EDFB7D75214DBC5A00E18056 /* Assets.xcassets in Resources */ = {isa = PBXBuildFile; fileRef = EDFB7D74214DBC5A00E18056 /* Assets.xcassets */; };
		EDFB7D78214DBC5A00E18056 /* LaunchScreen.storyboard in Resources */ = {isa = PBXBuildFile; fileRef = EDFB7D76214DBC5A00E18056 /* LaunchScreen.storyboard */; };
/* End PBXBuildFile section */

/* Begin PBXFileReference section */
		EDFB7D6A214DBC5A00E18056 /* Lecteur Youtube.app */ = {isa = PBXFileReference; explicitFileType = wrapper.application; includeInIndex = 0; path = "Lecteur Youtube.app"; sourceTree = BUILT_PRODUCTS_DIR; };
		EDFB7D6D214DBC5A00E18056 /* AppDelegate.swift */ = {isa = PBXFileReference; lastKnownFileType = sourcecode.swift; path = AppDelegate.swift; sourceTree = "<group>"; };
		EDFB7D6F214DBC5A00E18056 /* ViewController.swift */ = {isa = PBXFileReference; lastKnownFileType = sourcecode.swift; path = ViewController.swift; sourceTree = "<group>"; };
		EDFB7D72214DBC5A00E18056 /* Base */ = {isa = PBXFileReference; lastKnownFileType = file.storyboard; name = Base; path = Base.lproj/Main.storyboard; sourceTree = "<group>"; };
		EDFB7D74214DBC5A00E18056 /* Assets.xcassets */ = {isa = PBXFileReference; lastKnownFileType = folder.assetcatalog; path = Assets.xcassets; sourceTree = "<group>"; };
		EDFB7D77214DBC5A00E18056 /* Base */ = {isa = PBXFileReference; lastKnownFileType = file.storyboard; name = Base; path = Base.lproj/LaunchScreen.storyboard; sourceTree = "<group>"; };
		EDFB7D79214DBC5A00E18056 /* Info.plist */ = {isa = PBXFileReference; lastKnownFileType = text.plist.xml; path = Info.plist; sourceTree = "<group>"; };
/* End PBXFileReference section */

/* Begin PBXFrameworksBuildPhase section */
		EDFB7D67214DBC5A00E18056 /* Frameworks */ = {
			isa = PBXFrameworksBuildPhase;
			buildActionMask = 2147483647;
			files = (
			);
			runOnlyForDeploymentPostprocessing = 0;
		};
/* End PBXFrameworksBuildPhase section */

/* Begin PBXGroup section */
		EDFB7D61214DBC5900E18056 = {
			isa = PBXGroup;
			children = (
				EDFB7D6C214DBC5A00E18056 /* Lecteur Youtube */,
				EDFB7D6B214DBC5A00E18056 /* Products */,
			);
			sourceTree = "<group>";
		};
		EDFB7D6B214DBC5A00E18056 /* Products */ = {
			isa = PBXGroup;
			children = (
				EDFB7D6A214DBC5A00E18056 /* Lecteur Youtube.app */,
			);
			name = Products;
			sourceTree = "<group>";
		};
		EDFB7D6C214DBC5A00E18056 /* Lecteur Youtube */ = {
			isa = PBXGroup;
			children = (
				EDFB7D6D214DBC5A00E18056 /* AppDelegate.swift */,
				EDFB7D6F214DBC5A00E18056 /* ViewController.swift */,
				EDFB7D71214DBC5A00E18056 /* Main.storyboard */,
				EDFB7D74214DBC5A00E18056 /* Assets.xcassets */,
				EDFB7D76214DBC5A00E18056 /* LaunchScreen.storyboard */,
				EDFB7D79214DBC5A00E18056 /* Info.plist */,
			);
			path = "Lecteur Youtube";
			sourceTree = "<group>";
		};
/* End PBXGroup section */

/* Begin PBXNativeTarget section */
		EDFB7D69214DBC5A00E18056 /* Lecteur Youtube */ = {
			isa = PBXNativeTarget;
			buildConfigurationList = EDFB7D7C214DBC5A00E18056 /* Build configuration list for PBXNativeTarget "Lecteur Youtube" */;
			buildPhases = (
				EDFB7D66214DBC5A00E18056 /* Sources */,
				EDFB7D67214DBC5A00E18056 /* Frameworks */,
				EDFB7D68214DBC5A00E18056 /* Resources */,
			);
			buildRules = (
			);
			dependencies = (
			);
			name = "Lecteur Youtube";
			productName = "Lecteur Youtube";
			productReference = EDFB7D6A214DBC5A00E18056 /* Lecteur Youtube.app */;
			productType = "com.apple.product-type.application";
		};
/* End PBXNativeTarget section */

/* Begin PBXProject section */
		EDFB7D62214DBC5900E18056 /* Project object */ = {
			isa = PBXProject;
			attributes = {
				LastSwiftUpdateCheck = 0920;
				LastUpgradeCheck = 0920;
				ORGANIZATIONNAME = "Matthieu PLAINEAU";
				TargetAttributes = {
					EDFB7D69214DBC5A00E18056 = {
						CreatedOnToolsVersion = 9.2;
						ProvisioningStyle = Automatic;
					};
				};
			};
			buildConfigurationList = EDFB7D65214DBC5A00E18056 /* Build configuration list for PBXProject "Lecteur Youtube" */;
			compatibilityVersion = "Xcode 8.0";
			developmentRegion = en;
			hasScannedForEncodings = 0;
			knownRegions = (
				en,
				Base,
			);
			mainGroup = EDFB7D61214DBC5900E18056;
			productRefGroup = EDFB7D6B214DBC5A00E18056 /* Products */;
			projectDirPath = "";
			projectRoot = "";
			targets = (
				EDFB7D69214DBC5A00E18056 /* Lecteur Youtube */,
			);
		};
/* End PBXProject section */

/* Begin PBXResourcesBuildPhase section */
		EDFB7D68214DBC5A00E18056 /* Resources */ = {
			isa = PBXResourcesBuildPhase;
			buildActionMask = 2147483647;
			files = (
				EDFB7D78214DBC5A00E18056 /* LaunchScreen.storyboard in Resources */,
				EDFB7D75214DBC5A00E18056 /* Assets.xcassets in Resources */,
				EDFB7D73214DBC5A00E18056 /* Main.storyboard in Resources */,
			);
			runOnlyForDeploymentPostprocessing = 0;
		};
/* End PBXResourcesBuildPhase section */

/* Begin PBXSourcesBuildPhase section */
		EDFB7D66214DBC5A00E18056 /* Sources */ = {
			isa = PBXSourcesBuildPhase;
			buildActionMask = 2147483647;
			files = (
				EDFB7D70214DBC5A00E18056 /* ViewController.swift in Sources */,
				EDFB7D6E214DBC5A00E18056 /* AppDelegate.swift in Sources */,
			);
			runOnlyForDeploymentPostprocessing = 0;
		};
/* End PBXSourcesBuildPhase section */

/* Begin PBXVariantGroup section */
		EDFB7D71214DBC5A00E18056 /* Main.storyboard */ = {
			isa = PBXVariantGroup;
			children = (
				EDFB7D72214DBC5A00E18056 /* Base */,
			);
			name = Main.storyboard;
			sourceTree = "<group>";
		};
		EDFB7D76214DBC5A00E18056 /* LaunchScreen.storyboard */ = {
			isa = PBXVariantGroup;
			children = (
				EDFB7D77214DBC5A00E18056 /* Base */,
			);
			name = LaunchScreen.storyboard;
			sourceTree = "<group>";
		};
/* End PBXVariantGroup section */

/* Begin XCBuildConfiguration section */
		EDFB7D7A214DBC5A00E18056 /* Debug */ = {
			isa = XCBuildConfiguration;
			buildSettings = {
				ALWAYS_SEARCH_USER_PATHS = NO;
				CLANG_ANALYZER_NONNULL = YES;
				CLANG_ANALYZER_NUMBER_OBJECT_CONVERSION = YES_AGGRESSIVE;
				CLANG_CXX_LANGUAGE_STANDARD = "gnu++14";
				CLANG_CXX_LIBRARY = "libc++";
				CLANG_ENABLE_MODULES = YES;
				CLANG_ENABLE_OBJC_ARC = YES;
				CLANG_WARN_BLOCK_CAPTURE_AUTORELEASING = YES;
				CLANG_WARN_BOOL_CONVERSION = YES;
				CLANG_WARN_COMMA = YES;
				CLANG_WARN_CONSTANT_CONVERSION = YES;
				CLANG_WARN_DIRECT_OBJC_ISA_USAGE = YES_ERROR;
				CLANG_WARN_DOCUMENTATION_COMMENTS = YES;
				CLANG_WARN_EMPTY_BODY = YES;
				CLANG_WARN_ENUM_CONVERSION = YES;
				CLANG_WARN_INFINITE_RECURSION = YES;
				CLANG_WARN_INT_CONVERSION = YES;
				CLANG_WARN_NON_LITERAL_NULL_CONVERSION = YES;
				CLANG_WARN_OBJC_LITERAL_CONVERSION = YES;
				CLANG_WARN_OBJC_ROOT_CLASS = YES_ERROR;
				CLANG_WARN_RANGE_LOOP_ANALYSIS = YES;
				CLANG_WARN_STRICT_PROTOTYPES = YES;
				CLANG_WARN_SUSPICIOUS_MOVE = YES;
				CLANG_WARN_UNGUARDED_AVAILABILITY = YES_AGGRESSIVE;
				CLANG_WARN_UNREACHABLE_CODE = YES;
				CLANG_WARN__DUPLICATE_METHOD_MATCH = YES;
				CODE_SIGN_IDENTITY = "iPhone Developer";
				COPY_PHASE_STRIP = NO;
				DEBUG_INFORMATION_FORMAT = dwarf;
				ENABLE_STRICT_OBJC_MSGSEND = YES;
				ENABLE_TESTABILITY = YES;
				GCC_C_LANGUAGE_STANDARD = gnu11;
				GCC_DYNAMIC_NO_PIC = NO;
				GCC_NO_COMMON_BLOCKS = YES;
				GCC_OPTIMIZATION_LEVEL = 0;
				GCC_PREPROCESSOR_DEFINITIONS = (
					"DEBUG=1",
					"$(inherited)",
				);
				GCC_WARN_64_TO_32_BIT_CONVERSION = YES;
				GCC_WARN_ABOUT_RETURN_TYPE = YES_ERROR;
				GCC_WARN_UNDECLARED_SELECTOR = YES;
				GCC_WARN_UNINITIALIZED_AUTOS = YES_AGGRESSIVE;
				GCC_WARN_UNUSED_FUNCTION = YES;
				GCC_WARN_UNUSED_VARIABLE = YES;
				IPHONEOS_DEPLOYMENT_TARGET = 11.2;
				MTL_ENABLE_DEBUG_INFO = YES;
				ONLY_ACTIVE_ARCH = YES;
				SDKROOT = iphoneos;
				SWIFT_ACTIVE_COMPILATION_CONDITIONS = DEBUG;
				SWIFT_OPTIMIZATION_LEVEL = "-Onone";
			};
			name = Debug;
		};
		EDFB7D7B214DBC5A00E18056 /* Release */ = {
			isa = XCBuildConfiguration;
			buildSettings = {
				ALWAYS_SEARCH_USER_PATHS = NO;
				CLANG_ANALYZER_NONNULL = YES;
				CLANG_ANALYZER_NUMBER_OBJECT_CONVERSION = YES_AGGRESSIVE;
				CLANG_CXX_LANGUAGE_STANDARD = "gnu++14";
				CLANG_CXX_LIBRARY = "libc++";
				CLANG_ENABLE_MODULES = YES;
				CLANG_ENABLE_OBJC_ARC = YES;
				CLANG_WARN_BLOCK_CAPTURE_AUTORELEASING = YES;
				CLANG_WARN_BOOL_CONVERSION = YES;
				CLANG_WARN_COMMA = YES;
				CLANG_WARN_CONSTANT_CONVERSION = YES;
				CLANG_WARN_DIRECT_OBJC_ISA_USAGE = YES_ERROR;
				CLANG_WARN_DOCUMENTATION_COMMENTS = YES;
				CLANG_WARN_EMPTY_BODY = YES;
				CLANG_WARN_ENUM_CONVERSION = YES;
				CLANG_WARN_INFINITE_RECURSION = YES;
				CLANG_WARN_INT_CONVERSION = YES;
				CLANG_WARN_NON_LITERAL_NULL_CONVERSION = YES;
				CLANG_WARN_OBJC_LITERAL_CONVERSION = YES;
				CLANG_WARN_OBJC_ROOT_CLASS = YES_ERROR;
				CLANG_WARN_RANGE_LOOP_ANALYSIS = YES;
				CLANG_WARN_STRICT_PROTOTYPES = YES;
				CLANG_WARN_SUSPICIOUS_MOVE = YES;
				CLANG_WARN_UNGUARDED_AVAILABILITY = YES_AGGRESSIVE;
				CLANG_WARN_UNREACHABLE_CODE = YES;
				CLANG_WARN__DUPLICATE_METHOD_MATCH = YES;
				CODE_SIGN_IDENTITY = "iPhone Developer";
				COPY_PHASE_STRIP = NO;
				DEBUG_INFORMATION_FORMAT = "dwarf-with-dsym";
				ENABLE_NS_ASSERTIONS = NO;
				ENABLE_STRICT_OBJC_MSGSEND = YES;
				GCC_C_LANGUAGE_STANDARD = gnu11;
				GCC_NO_COMMON_BLOCKS = YES;
				GCC_WARN_64_TO_32_BIT_CONVERSION = YES;
				GCC_WARN_ABOUT_RETURN_TYPE = YES_ERROR;
				GCC_WARN_UNDECLARED_SELECTOR = YES;
				GCC_WARN_UNINITIALIZED_AUTOS = YES_AGGRESSIVE;
				GCC_WARN_UNUSED_FUNCTION = YES;
				GCC_WARN_UNUSED_VARIABLE = YES;
				IPHONEOS_DEPLOYMENT_TARGET = 11.2;
				MTL_ENABLE_DEBUG_INFO = NO;
				SDKROOT = iphoneos;
				SWIFT_OPTIMIZATION_LEVEL = "-Owholemodule";
				VALIDATE_PRODUCT = YES;
			};
			name = Release;
		};
		EDFB7D7D214DBC5A00E18056 /* Debug */ = {
			isa = XCBuildConfiguration;
			buildSettings = {
				ASSETCATALOG_COMPILER_APPICON_NAME = AppIcon;
				CODE_SIGN_STYLE = Automatic;
				DEVELOPMENT_TEAM = 9AMHU36X3Y;
				INFOPLIST_FILE = "Lecteur Youtube/Info.plist";
				LD_RUNPATH_SEARCH_PATHS = "$(inherited) @executable_path/Frameworks";
				PRODUCT_BUNDLE_IDENTIFIER = "M.P..Lecteur-Youtube";
				PRODUCT_NAME = "$(TARGET_NAME)";
				SWIFT_VERSION = 4.0;
				TARGETED_DEVICE_FAMILY = "1,2";
			};
			name = Debug;
		};
		EDFB7D7E214DBC5A00E18056 /* Release */ = {
			isa = XCBuildConfiguration;
			buildSettings = {
				ASSETCATALOG_COMPILER_APPICON_NAME = AppIcon;
				CODE_SIGN_STYLE = Automatic;
				DEVELOPMENT_TEAM = 9AMHU36X3Y;
				INFOPLIST_FILE = "Lecteur Youtube/Info.plist";
				LD_RUNPATH_SEARCH_PATHS = "$(inherited) @executable_path/Frameworks";
				PRODUCT_BUNDLE_IDENTIFIER = "M.P..Lecteur-Youtube";
				PRODUCT_NAME = "$(TARGET_NAME)";
				SWIFT_VERSION = 4.0;
				TARGETED_DEVICE_FAMILY = "1,2";
			};
			name = Release;
		};
/* End XCBuildConfiguration section */

/* Begin XCConfigurationList section */
		EDFB7D65214DBC5A00E18056 /* Build configuration list for PBXProject "Lecteur Youtube" */ = {
			isa = XCConfigurationList;
			buildConfigurations = (
				EDFB7D7A214DBC5A00E18056 /* Debug */,
				EDFB7D7B214DBC5A00E18056 /* Release */,
			);
			defaultConfigurationIsVisible = 0;
			defaultConfigurationName = Release;
		};
		EDFB7D7C214DBC5A00E18056 /* Build configuration list for PBXNativeTarget "Lecteur Youtube" */ = {
			isa = XCConfigurationList;
			buildConfigurations = (
				EDFB7D7D214DBC5A00E18056 /* Debug */,
				EDFB7D7E214DBC5A00E18056 /* Release */,
			);
			defaultConfigurationIsVisible = 0;
			defaultConfigurationName = Release;
		};
/* End XCConfigurationList section */
	};
	rootObject = EDFB7D62214DBC5900E18056 /* Project object */;
}
